Microsoft Visual Studio Solution File, Format Version 12.00
# Visual Studio Version 17
VisualStudioVersion = 17.5.2.0
MinimumVisualStudioVersion = 10.0.40219.1
Project("{FAE04EC0-301F-11D3-BF4B-00C04F79EFBC}") = "HardCopperWood", "HardCopperWood.csproj", "{ED23CDD8-D1A7-DAA1-FD39-CC42BE40C93E}"
EndProject
Global
	GlobalSection(SolutionConfigurationPlatforms) = preSolution
		Debug|Any CPU = Debug|Any CPU
		Release|Any CPU = Release|Any CPU
	EndGlobalSection
	GlobalSection(ProjectConfigurationPlatforms) = postSolution
		{ED23CDD8-D1A7-DAA1-FD39-CC42BE40C93E}.Debug|Any CPU.ActiveCfg = Debug|Any CPU
		{ED23CDD8-D1A7-DAA1-FD39-CC42BE40C93E}.Debug|Any CPU.Build.0 = Debug|Any CPU
		{ED23CDD8-D1A7-DAA1-FD39-CC42BE40C93E}.Release|Any CPU.ActiveCfg = Release|Any CPU
		{ED23CDD8-D1A7-DAA1-FD39-CC42BE40C93E}.Release|Any CPU.Build.0 = Release|Any CPU
	EndGlobalSection
	GlobalSection(SolutionProperties) = preSolution
		HideSolutionNode = FALSE
	EndGlobalSection
	GlobalSection(ExtensibilityGlobals) = postSolution
		SolutionGuid = {E3A26C81-F010-47D4-A483-0F0EA6B723F8}
	EndGlobalSection
EndGlobal
